// !$*UTF8*$!
{
	archiveVersion = 1;
	classes = {
	};
	objectVersion = 50;
	objects = {

/* Begin PBXBuildFile section */
		32B460A92300771E0083BE65 /* AppDelegate.swift in Sources */ = {isa = PBXBuildFile; fileRef = 32B460A82300771E0083BE65 /* AppDelegate.swift */; };
		32B460AB2300771E0083BE65 /* ViewController.swift in Sources */ = {isa = PBXBuildFile; fileRef = 32B460AA2300771E0083BE65 /* ViewController.swift */; };
		32B460AE2300771E0083BE65 /* Main.storyboard in Resources */ = {isa = PBXBuildFile; fileRef = 32B460AC2300771E0083BE65 /* Main.storyboard */; };
		32B460B0230077200083BE65 /* Assets.xcassets in Resources */ = {isa = PBXBuildFile; fileRef = 32B460AF230077200083BE65 /* Assets.xcassets */; };
		32B460B3230077200083BE65 /* LaunchScreen.storyboard in Resources */ = {isa = PBXBuildFile; fileRef = 32B460B1230077200083BE65 /* LaunchScreen.storyboard */; };
		32B460BE230077200083BE65 /* IndicatorTests.swift in Sources */ = {isa = PBXBuildFile; fileRef = 32B460BD230077200083BE65 /* IndicatorTests.swift */; };
		32B460D3230077560083BE65 /* IndicatorView.swift in Sources */ = {isa = PBXBuildFile; fileRef = 32B460C9230077560083BE65 /* IndicatorView.swift */; };
		32B460D4230077560083BE65 /* Indicative.swift in Sources */ = {isa = PBXBuildFile; fileRef = 32B460CA230077560083BE65 /* Indicative.swift */; };
		32B460D5230077560083BE65 /* IndicatorMaskView.swift in Sources */ = {isa = PBXBuildFile; fileRef = 32B460CB230077560083BE65 /* IndicatorMaskView.swift */; };
		32B460D6230077560083BE65 /* Indicator.swift in Sources */ = {isa = PBXBuildFile; fileRef = 32B460CC230077560083BE65 /* Indicator.swift */; };
		32B460D7230077560083BE65 /* README.md in Resources */ = {isa = PBXBuildFile; fileRef = 32B460CD230077560083BE65 /* README.md */; };
		32B460D8230077560083BE65 /* StatefulView.swift in Sources */ = {isa = PBXBuildFile; fileRef = 32B460CF230077560083BE65 /* StatefulView.swift */; };
		32B460D9230077560083BE65 /* ProgressHUD.swift in Sources */ = {isa = PBXBuildFile; fileRef = 32B460D0230077560083BE65 /* ProgressHUD.swift */; };
		32B460DA230077560083BE65 /* IndicatorTransition.swift in Sources */ = {isa = PBXBuildFile; fileRef = 32B460D1230077560083BE65 /* IndicatorTransition.swift */; };
		32B460DB230077560083BE65 /* UIView+Indicator.swift in Sources */ = {isa = PBXBuildFile; fileRef = 32B460D2230077560083BE65 /* UIView+Indicator.swift */; };
/* End PBXBuildFile section */

/* Begin PBXContainerItemProxy section */
		32B460BA230077200083BE65 /* PBXContainerItemProxy */ = {
			isa = PBXContainerItemProxy;
			containerPortal = 32B4609D2300771E0083BE65 /* Project object */;
			proxyType = 1;
			remoteGlobalIDString = 32B460A42300771E0083BE65;
			remoteInfo = Indicator;
		};
/* End PBXContainerItemProxy section */

/* Begin PBXFileReference section */
		32B460A52300771E0083BE65 /* Indicator.app */ = {isa = PBXFileReference; explicitFileType = wrapper.application; includeInIndex = 0; path = Indicator.app; sourceTree = BUILT_PRODUCTS_DIR; };
		32B460A82300771E0083BE65 /* AppDelegate.swift */ = {isa = PBXFileReference; lastKnownFileType = sourcecode.swift; path = AppDelegate.swift; sourceTree = "<group>"; };
		32B460AA2300771E0083BE65 /* ViewController.swift */ = {isa = PBXFileReference; lastKnownFileType = sourcecode.swift; path = ViewController.swift; sourceTree = "<group>"; };
		32B460AD2300771E0083BE65 /* Base */ = {isa = PBXFileReference; lastKnownFileType = file.storyboard; name = Base; path = Base.lproj/Main.storyboard; sourceTree = "<group>"; };
		32B460AF230077200083BE65 /* Assets.xcassets */ = {isa = PBXFileReference; lastKnownFileType = folder.assetcatalog; path = Assets.xcassets; sourceTree = "<group>"; };
		32B460B2230077200083BE65 /* Base */ = {isa = PBXFileReference; lastKnownFileType = file.storyboard; name = Base; path = Base.lproj/LaunchScreen.storyboard; sourceTree = "<group>"; };
		32B460B4230077200083BE65 /* Info.plist */ = {isa = PBXFileReference; lastKnownFileType = text.plist.xml; path = Info.plist; sourceTree = "<group>"; };
		32B460B9230077200083BE65 /* IndicatorTests.xctest */ = {isa = PBXFileReference; explicitFileType = wrapper.cfbundle; includeInIndex = 0; path = IndicatorTests.xctest; sourceTree = BUILT_PRODUCTS_DIR; };
		32B460BD230077200083BE65 /* IndicatorTests.swift */ = {isa = PBXFileReference; lastKnownFileType = sourcecode.swift; path = IndicatorTests.swift; sourceTree = "<group>"; };
		32B460BF230077200083BE65 /* Info.plist */ = {isa = PBXFileReference; lastKnownFileType = text.plist.xml; path = Info.plist; sourceTree = "<group>"; };
		32B460C9230077560083BE65 /* IndicatorView.swift */ = {isa = PBXFileReference; fileEncoding = 4; lastKnownFileType = sourcecode.swift; path = IndicatorView.swift; sourceTree = "<group>"; };
		32B460CA230077560083BE65 /* Indicative.swift */ = {isa = PBXFileReference; fileEncoding = 4; lastKnownFileType = sourcecode.swift; path = Indicative.swift; sourceTree = "<group>"; };
		32B460CB230077560083BE65 /* IndicatorMaskView.swift */ = {isa = PBXFileReference; fileEncoding = 4; lastKnownFileType = sourcecode.swift; path = IndicatorMaskView.swift; sourceTree = "<group>"; };
		32B460CC230077560083BE65 /* Indicator.swift */ = {isa = PBXFileReference; fileEncoding = 4; lastKnownFileType = sourcecode.swift; path = Indicator.swift; sourceTree = "<group>"; };
		32B460CD230077560083BE65 /* README.md */ = {isa = PBXFileReference; fileEncoding = 4; lastKnownFileType = net.daringfireball.markdown; path = README.md; sourceTree = "<group>"; };
		32B460CF230077560083BE65 /* StatefulView.swift */ = {isa = PBXFileReference; fileEncoding = 4; lastKnownFileType = sourcecode.swift; path = StatefulView.swift; sourceTree = "<group>"; };
		32B460D0230077560083BE65 /* ProgressHUD.swift */ = {isa = PBXFileReference; fileEncoding = 4; lastKnownFileType = sourcecode.swift; path = ProgressHUD.swift; sourceTree = "<group>"; };
		32B460D1230077560083BE65 /* IndicatorTransition.swift */ = {isa = PBXFileReference; fileEncoding = 4; lastKnownFileType = sourcecode.swift; path = IndicatorTransition.swift; sourceTree = "<group>"; };
		32B460D2230077560083BE65 /* UIView+Indicator.swift */ = {isa = PBXFileReference; fileEncoding = 4; lastKnownFileType = sourcecode.swift; path = "UIView+Indicator.swift"; sourceTree = "<group>"; };
/* End PBXFileReference section */

/* Begin PBXFrameworksBuildPhase section */
		32B460A22300771E0083BE65 /* Frameworks */ = {
			isa = PBXFrameworksBuildPhase;
			buildActionMask = 2147483647;
			files = (
			);
			runOnlyForDeploymentPostprocessing = 0;
		};
		32B460B6230077200083BE65 /* Frameworks */ = {
			isa = PBXFrameworksBuildPhase;
			buildActionMask = 2147483647;
			files = (
			);
			runOnlyForDeploymentPostprocessing = 0;
		};
/* End PBXFrameworksBuildPhase section */

/* Begin PBXGroup section */
		32B4609C2300771E0083BE65 = {
			isa = PBXGroup;
			children = (
				32B460A72300771E0083BE65 /* Indicator */,
				32B460BC230077200083BE65 /* IndicatorTests */,
				32B460A62300771E0083BE65 /* Products */,
			);
			sourceTree = "<group>";
		};
		32B460A62300771E0083BE65 /* Products */ = {
			isa = PBXGroup;
			children = (
				32B460A52300771E0083BE65 /* Indicator.app */,
				32B460B9230077200083BE65 /* IndicatorTests.xctest */,
			);
			name = Products;
			sourceTree = "<group>";
		};
		32B460A72300771E0083BE65 /* Indicator */ = {
			isa = PBXGroup;
			children = (
				32B460C8230077560083BE65 /* Source */,
				32B460A82300771E0083BE65 /* AppDelegate.swift */,
				32B460AA2300771E0083BE65 /* ViewController.swift */,
				32B460AC2300771E0083BE65 /* Main.storyboard */,
				32B460AF230077200083BE65 /* Assets.xcassets */,
				32B460B1230077200083BE65 /* LaunchScreen.storyboard */,
				32B460B4230077200083BE65 /* Info.plist */,
			);
			path = Indicator;
			sourceTree = "<group>";
		};
		32B460BC230077200083BE65 /* IndicatorTests */ = {
			isa = PBXGroup;
			children = (
				32B460BD230077200083BE65 /* IndicatorTests.swift */,
				32B460BF230077200083BE65 /* Info.plist */,
			);
			path = IndicatorTests;
			sourceTree = "<group>";
		};
		32B460C8230077560083BE65 /* Source */ = {
			isa = PBXGroup;
			children = (
				32B460C9230077560083BE65 /* IndicatorView.swift */,
				32B460CA230077560083BE65 /* Indicative.swift */,
				32B460CB230077560083BE65 /* IndicatorMaskView.swift */,
				32B460CC230077560083BE65 /* Indicator.swift */,
				32B460CD230077560083BE65 /* README.md */,
				32B460CE230077560083BE65 /* Defaults */,
				32B460D1230077560083BE65 /* IndicatorTransition.swift */,
				32B460D2230077560083BE65 /* UIView+Indicator.swift */,
			);
			path = Source;
			sourceTree = "<group>";
		};
		32B460CE230077560083BE65 /* Defaults */ = {
			isa = PBXGroup;
			children = (
				32B460CF230077560083BE65 /* StatefulView.swift */,
				32B460D0230077560083BE65 /* ProgressHUD.swift */,
			);
			path = Defaults;
			sourceTree = "<group>";
		};
/* End PBXGroup section */

/* Begin PBXNativeTarget section */
		32B460A42300771E0083BE65 /* Indicator */ = {
			isa = PBXNativeTarget;
			buildConfigurationList = 32B460C2230077200083BE65 /* Build configuration list for PBXNativeTarget "Indicator" */;
			buildPhases = (
				32B460A12300771E0083BE65 /* Sources */,
				32B460A22300771E0083BE65 /* Frameworks */,
				32B460A32300771E0083BE65 /* Resources */,
			);
			buildRules = (
			);
			dependencies = (
			);
			name = Indicator;
			productName = Indicator;
			productReference = 32B460A52300771E0083BE65 /* Indicator.app */;
			productType = "com.apple.product-type.application";
		};
		32B460B8230077200083BE65 /* IndicatorTests */ = {
			isa = PBXNativeTarget;
			buildConfigurationList = 32B460C5230077200083BE65 /* Build configuration list for PBXNativeTarget "IndicatorTests" */;
			buildPhases = (
				32B460B5230077200083BE65 /* Sources */,
				32B460B6230077200083BE65 /* Frameworks */,
				32B460B7230077200083BE65 /* Resources */,
			);
			buildRules = (
			);
			dependencies = (
				32B460BB230077200083BE65 /* PBXTargetDependency */,
			);
			name = IndicatorTests;
			productName = IndicatorTests;
			productReference = 32B460B9230077200083BE65 /* IndicatorTests.xctest */;
			productType = "com.apple.product-type.bundle.unit-test";
		};
/* End PBXNativeTarget section */

/* Begin PBXProject section */
		32B4609D2300771E0083BE65 /* Project object */ = {
			isa = PBXProject;
			attributes = {
				LastSwiftUpdateCheck = 1020;
				LastUpgradeCheck = 1020;
				ORGANIZATIONNAME = Gump;
				TargetAttributes = {
					32B460A42300771E0083BE65 = {
						CreatedOnToolsVersion = 10.2.1;
					};
					32B460B8230077200083BE65 = {
						CreatedOnToolsVersion = 10.2.1;
						TestTargetID = 32B460A42300771E0083BE65;
					};
				};
			};
			buildConfigurationList = 32B460A02300771E0083BE65 /* Build configuration list for PBXProject "Indicator" */;
			compatibilityVersion = "Xcode 9.3";
			developmentRegion = en;
			hasScannedForEncodings = 0;
			knownRegions = (
				en,
				Base,
			);
			mainGroup = 32B4609C2300771E0083BE65;
			productRefGroup = 32B460A62300771E0083BE65 /* Products */;
			projectDirPath = "";
			projectRoot = "";
			targets = (
				32B460A42300771E0083BE65 /* Indicator */,
				32B460B8230077200083BE65 /* IndicatorTests */,
			);
		};
/* End PBXProject section */

/* Begin PBXResourcesBuildPhase section */
		32B460A32300771E0083BE65 /* Resources */ = {
			isa = PBXResourcesBuildPhase;
			buildActionMask = 2147483647;
			files = (
				32B460B3230077200083BE65 /* LaunchScreen.storyboard in Resources */,
				32B460B0230077200083BE65 /* Assets.xcassets in Resources */,
				32B460D7230077560083BE65 /* README.md in Resources */,
				32B460AE2300771E0083BE65 /* Main.storyboard in Resources */,
			);
			runOnlyForDeploymentPostprocessing = 0;
		};
		32B460B7230077200083BE65 /* Resources */ = {
			isa = PBXResourcesBuildPhase;
			buildActionMask = 2147483647;
			files = (
			);
			runOnlyForDeploymentPostprocessing = 0;
		};
/* End PBXResourcesBuildPhase section */

/* Begin PBXSourcesBuildPhase section */
		32B460A12300771E0083BE65 /* Sources */ = {
			isa = PBXSourcesBuildPhase;
			buildActionMask = 2147483647;
			files = (
				32B460D8230077560083BE65 /* StatefulView.swift in Sources */,
				32B460AB2300771E0083BE65 /* ViewController.swift in Sources */,
				32B460DA230077560083BE65 /* IndicatorTransition.swift in Sources */,
				32B460D9230077560083BE65 /* ProgressHUD.swift in Sources */,
				32B460DB230077560083BE65 /* UIView+Indicator.swift in Sources */,
				32B460D6230077560083BE65 /* Indicator.swift in Sources */,
				32B460D3230077560083BE65 /* IndicatorView.swift in Sources */,
				32B460A92300771E0083BE65 /* AppDelegate.swift in Sources */,
				32B460D5230077560083BE65 /* IndicatorMaskView.swift in Sources */,
				32B460D4230077560083BE65 /* Indicative.swift in Sources */,
			);
			runOnlyForDeploymentPostprocessing = 0;
		};
		32B460B5230077200083BE65 /* Sources */ = {
			isa = PBXSourcesBuildPhase;
			buildActionMask = 2147483647;
			files = (
				32B460BE230077200083BE65 /* IndicatorTests.swift in Sources */,
			);
			runOnlyForDeploymentPostprocessing = 0;
		};
/* End PBXSourcesBuildPhase section */

/* Begin PBXTargetDependency section */
		32B460BB230077200083BE65 /* PBXTargetDependency */ = {
			isa = PBXTargetDependency;
			target = 32B460A42300771E0083BE65 /* Indicator */;
			targetProxy = 32B460BA230077200083BE65 /* PBXContainerItemProxy */;
		};
/* End PBXTargetDependency section */

/* Begin PBXVariantGroup section */
		32B460AC2300771E0083BE65 /* Main.storyboard */ = {
			isa = PBXVariantGroup;
			children = (
				32B460AD2300771E0083BE65 /* Base */,
			);
			name = Main.storyboard;
			sourceTree = "<group>";
		};
		32B460B1230077200083BE65 /* LaunchScreen.storyboard */ = {
			isa = PBXVariantGroup;
			children = (
				32B460B2230077200083BE65 /* Base */,
			);
			name = LaunchScreen.storyboard;
			sourceTree = "<group>";
		};
/* End PBXVariantGroup section */

/* Begin XCBuildConfiguration section */
		32B460C0230077200083BE65 /* Debug */ = {
			isa = XCBuildConfiguration;
			buildSettings = {
				ALWAYS_SEARCH_USER_PATHS = NO;
				CLANG_ANALYZER_NONNULL = YES;
				CLANG_ANALYZER_NUMBER_OBJECT_CONVERSION = YES_AGGRESSIVE;
				CLANG_CXX_LANGUAGE_STANDARD = "gnu++14";
				CLANG_CXX_LIBRARY = "libc++";
				CLANG_ENABLE_MODULES = YES;
				CLANG_ENABLE_OBJC_ARC = YES;
				CLANG_ENABLE_OBJC_WEAK = YES;
				CLANG_WARN_BLOCK_CAPTURE_AUTORELEASING = YES;
				CLANG_WARN_BOOL_CONVERSION = YES;
				CLANG_WARN_COMMA = YES;
				CLANG_WARN_CONSTANT_CONVERSION = YES;
				CLANG_WARN_DEPRECATED_OBJC_IMPLEMENTATIONS = YES;
				CLANG_WARN_DIRECT_OBJC_ISA_USAGE = YES_ERROR;
				CLANG_WARN_DOCUMENTATION_COMMENTS = YES;
				CLANG_WARN_EMPTY_BODY = YES;
				CLANG_WARN_ENUM_CONVERSION = YES;
				CLANG_WARN_INFINITE_RECURSION = YES;
				CLANG_WARN_INT_CONVERSION = YES;
				CLANG_WARN_NON_LITERAL_NULL_CONVERSION = YES;
				CLANG_WARN_OBJC_IMPLICIT_RETAIN_SELF = YES;
				CLANG_WARN_OBJC_LITERAL_CONVERSION = YES;
				CLANG_WARN_OBJC_ROOT_CLASS = YES_ERROR;
				CLANG_WARN_RANGE_LOOP_ANALYSIS = YES;
				CLANG_WARN_STRICT_PROTOTYPES = YES;
				CLANG_WARN_SUSPICIOUS_MOVE = YES;
				CLANG_WARN_UNGUARDED_AVAILABILITY = YES_AGGRESSIVE;
				CLANG_WARN_UNREACHABLE_CODE = YES;
				CLANG_WARN__DUPLICATE_METHOD_MATCH = YES;
				CODE_SIGN_IDENTITY = "iPhone Developer";
				COPY_PHASE_STRIP = NO;
				DEBUG_INFORMATION_FORMAT = dwarf;
				ENABLE_STRICT_OBJC_MSGSEND = YES;
				ENABLE_TESTABILITY = YES;
				GCC_C_LANGUAGE_STANDARD = gnu11;
				GCC_DYNAMIC_NO_PIC = NO;
				GCC_NO_COMMON_BLOCKS = YES;
				GCC_OPTIMIZATION_LEVEL = 0;
				GCC_PREPROCESSOR_DEFINITIONS = (
					"DEBUG=1",
					"$(inherited)",
				);
				GCC_WARN_64_TO_32_BIT_CONVERSION = YES;
				GCC_WARN_ABOUT_RETURN_TYPE = YES_ERROR;
				GCC_WARN_UNDECLARED_SELECTOR = YES;
				GCC_WARN_UNINITIALIZED_AUTOS = YES_AGGRESSIVE;
				GCC_WARN_UNUSED_FUNCTION = YES;
				GCC_WARN_UNUSED_VARIABLE = YES;
				IPHONEOS_DEPLOYMENT_TARGET = 12.2;
				MTL_ENABLE_DEBUG_INFO = INCLUDE_SOURCE;
				MTL_FAST_MATH = YES;
				ONLY_ACTIVE_ARCH = YES;
				SDKROOT = iphoneos;
				SWIFT_ACTIVE_COMPILATION_CONDITIONS = DEBUG;
				SWIFT_OPTIMIZATION_LEVEL = "-Onone";
			};
			name = Debug;
		};
		32B460C1230077200083BE65 /* Release */ = {
			isa = XCBuildConfiguration;
			buildSettings = {
				ALWAYS_SEARCH_USER_PATHS = NO;
				CLANG_ANALYZER_NONNULL = YES;
				CLANG_ANALYZER_NUMBER_OBJECT_CONVERSION = YES_AGGRESSIVE;
				CLANG_CXX_LANGUAGE_STANDARD = "gnu++14";
				CLANG_CXX_LIBRARY = "libc++";
				CLANG_ENABLE_MODULES = YES;
				CLANG_ENABLE_OBJC_ARC = YES;
				CLANG_ENABLE_OBJC_WEAK = YES;
				CLANG_WARN_BLOCK_CAPTURE_AUTORELEASING = YES;
				CLANG_WARN_BOOL_CONVERSION = YES;
				CLANG_WARN_COMMA = YES;
				CLANG_WARN_CONSTANT_CONVERSION = YES;
				CLANG_WARN_DEPRECATED_OBJC_IMPLEMENTATIONS = YES;
				CLANG_WARN_DIRECT_OBJC_ISA_USAGE = YES_ERROR;
				CLANG_WARN_DOCUMENTATION_COMMENTS = YES;
				CLANG_WARN_EMPTY_BODY = YES;
				CLANG_WARN_ENUM_CONVERSION = YES;
				CLANG_WARN_INFINITE_RECURSION = YES;
				CLANG_WARN_INT_CONVERSION = YES;
				CLANG_WARN_NON_LITERAL_NULL_CONVERSION = YES;
				CLANG_WARN_OBJC_IMPLICIT_RETAIN_SELF = YES;
				CLANG_WARN_OBJC_LITERAL_CONVERSION = YES;
				CLANG_WARN_OBJC_ROOT_CLASS = YES_ERROR;
				CLANG_WARN_RANGE_LOOP_ANALYSIS = YES;
				CLANG_WARN_STRICT_PROTOTYPES = YES;
				CLANG_WARN_SUSPICIOUS_MOVE = YES;
				CLANG_WARN_UNGUARDED_AVAILABILITY = YES_AGGRESSIVE;
				CLANG_WARN_UNREACHABLE_CODE = YES;
				CLANG_WARN__DUPLICATE_METHOD_MATCH = YES;
				CODE_SIGN_IDENTITY = "iPhone Developer";
				COPY_PHASE_STRIP = NO;
				DEBUG_INFORMATION_FORMAT = "dwarf-with-dsym";
				ENABLE_NS_ASSERTIONS = NO;
				ENABLE_STRICT_OBJC_MSGSEND = YES;
				GCC_C_LANGUAGE_STANDARD = gnu11;
				GCC_NO_COMMON_BLOCKS = YES;
				GCC_WARN_64_TO_32_BIT_CONVERSION = YES;
				GCC_WARN_ABOUT_RETURN_TYPE = YES_ERROR;
				GCC_WARN_UNDECLARED_SELECTOR = YES;
				GCC_WARN_UNINITIALIZED_AUTOS = YES_AGGRESSIVE;
				GCC_WARN_UNUSED_FUNCTION = YES;
				GCC_WARN_UNUSED_VARIABLE = YES;
				IPHONEOS_DEPLOYMENT_TARGET = 12.2;
				MTL_ENABLE_DEBUG_INFO = NO;
				MTL_FAST_MATH = YES;
				SDKROOT = iphoneos;
				SWIFT_COMPILATION_MODE = wholemodule;
				SWIFT_OPTIMIZATION_LEVEL = "-O";
				VALIDATE_PRODUCT = YES;
			};
			name = Release;
		};
		32B460C3230077200083BE65 /* Debug */ = {
			isa = XCBuildConfiguration;
			buildSettings = {
				ASSETCATALOG_COMPILER_APPICON_NAME = AppIcon;
				CODE_SIGN_STYLE = Automatic;
				DEVELOPMENT_TEAM = 8CAD224FU6;
				INFOPLIST_FILE = Indicator/Info.plist;
				LD_RUNPATH_SEARCH_PATHS = (
					"$(inherited)",
					"@executable_path/Frameworks",
				);
				PRODUCT_BUNDLE_IDENTIFIER = com.gump.Indicator;
				PRODUCT_NAME = "$(TARGET_NAME)";
				SWIFT_VERSION = 5.0;
				TARGETED_DEVICE_FAMILY = "1,2";
			};
			name = Debug;
		};
		32B460C4230077200083BE65 /* Release */ = {
			isa = XCBuildConfiguration;
			buildSettings = {
				ASSETCATALOG_COMPILER_APPICON_NAME = AppIcon;
				CODE_SIGN_STYLE = Automatic;
				DEVELOPMENT_TEAM = 8CAD224FU6;
				INFOPLIST_FILE = Indicator/Info.plist;
				LD_RUNPATH_SEARCH_PATHS = (
					"$(inherited)",
					"@executable_path/Frameworks",
				);
				PRODUCT_BUNDLE_IDENTIFIER = com.gump.Indicator;
				PRODUCT_NAME = "$(TARGET_NAME)";
				SWIFT_VERSION = 5.0;
				TARGETED_DEVICE_FAMILY = "1,2";
			};
			name = Release;
		};
		32B460C6230077200083BE65 /* Debug */ = {
			isa = XCBuildConfiguration;
			buildSettings = {
				ALWAYS_EMBED_SWIFT_STANDARD_LIBRARIES = YES;
				BUNDLE_LOADER = "$(TEST_HOST)";
				CODE_SIGN_STYLE = Automatic;
				DEVELOPMENT_TEAM = 8CAD224FU6;
				INFOPLIST_FILE = IndicatorTests/Info.plist;
				LD_RUNPATH_SEARCH_PATHS = (
					"$(inherited)",
					"@executable_path/Frameworks",
					"@loader_path/Frameworks",
				);
				PRODUCT_BUNDLE_IDENTIFIER = com.gump.IndicatorTests;
				PRODUCT_NAME = "$(TARGET_NAME)";
				SWIFT_VERSION = 5.0;
				TARGETED_DEVICE_FAMILY = "1,2";
				TEST_HOST = "$(BUILT_PRODUCTS_DIR)/Indicator.app/Indicator";
			};
			name = Debug;
		};
		32B460C7230077200083BE65 /* Release */ = {
			isa = XCBuildConfiguration;
			buildSettings = {
				ALWAYS_EMBED_SWIFT_STANDARD_LIBRARIES = YES;
				BUNDLE_LOADER = "$(TEST_HOST)";
				CODE_SIGN_STYLE = Automatic;
				DEVELOPMENT_TEAM = 8CAD224FU6;
				INFOPLIST_FILE = IndicatorTests/Info.plist;
				LD_RUNPATH_SEARCH_PATHS = (
					"$(inherited)",
					"@executable_path/Frameworks",
					"@loader_path/Frameworks",
				);
				PRODUCT_BUNDLE_IDENTIFIER = com.gump.IndicatorTests;
				PRODUCT_NAME = "$(TARGET_NAME)";
				SWIFT_VERSION = 5.0;
				TARGETED_DEVICE_FAMILY = "1,2";
				TEST_HOST = "$(BUILT_PRODUCTS_DIR)/Indicator.app/Indicator";
			};
			name = Release;
		};
/* End XCBuildConfiguration section */

/* Begin XCConfigurationList section */
		32B460A02300771E0083BE65 /* Build configuration list for PBXProject "Indicator" */ = {
			isa = XCConfigurationList;
			buildConfigurations = (
				32B460C0230077200083BE65 /* Debug */,
				32B460C1230077200083BE65 /* Release */,
			);
			defaultConfigurationIsVisible = 0;
			defaultConfigurationName = Release;
		};
		32B460C2230077200083BE65 /* Build configuration list for PBXNativeTarget "Indicator" */ = {
			isa = XCConfigurationList;
			buildConfigurations = (
				32B460C3230077200083BE65 /* Debug */,
				32B460C4230077200083BE65 /* Release */,
			);
			defaultConfigurationIsVisible = 0;
			defaultConfigurationName = Release;
		};
		32B460C5230077200083BE65 /* Build configuration list for PBXNativeTarget "IndicatorTests" */ = {
			isa = XCConfigurationList;
			buildConfigurations = (
				32B460C6230077200083BE65 /* Debug */,
				32B460C7230077200083BE65 /* Release */,
			);
			defaultConfigurationIsVisible = 0;
			defaultConfigurationName = Release;
		};
/* End XCConfigurationList section */
	};
	rootObject = 32B4609D2300771E0083BE65 /* Project object */;
}
